
Microsoft Visual Studio Solution File, Format Version 12.00
# Visual Studio Version 17
VisualStudioVersion = 17.0.31903.59
MinimumVisualStudioVersion = 10.0.40219.1
Project("{FAE04EC0-301F-11D3-BF4B-00C04F79EFBC}") = "TechBench", "TechBench.csproj", "{F6C0A849-D3E3-45BA-BE46-B19B71B2F673}"
EndProject
Project("{FAE04EC0-301F-11D3-BF4B-00C04F79EFBC}") = "TechBench.Tests", "TechBench.Tests\TechBench.Tests.csproj", "{3AAC1E40-23B2-4A86-9CC1-87A59C9D9CE3}"
EndProject
Project("{FAE04EC0-301F-11D3-BF4B-00C04F79EFBC}") = "TechBench.WHD", "TechBench.WHD\TechBench.WHD.csproj", "{7AD31CD1-2405-4FE0-AB4A-0763D8797E38}"
EndProject
Project("{FAE04EC0-301F-11D3-BF4B-00C04F79EFBC}") = "TechBench.SyncService", "TechBench.SyncService\TechBench.SyncService.csproj", "{74BE8AD7-08E1-4986-B533-3FD6364912DB}"
EndProject
Project("{FAE04EC0-301F-11D3-BF4B-00C04F79EFBC}") = "TechBench.SageOdbcWorker", "TechBench.SageOdbcWorker\TechBench.SageOdbcWorker.csproj", "{F8BF69BD-E8FC-44DA-9C91-E202C147BC71}"
EndProject
Project("{FAE04EC0-301F-11D3-BF4B-00C04F79EFBC}") = "TechBench.ServerManager", "TechBench.ServerManager\TechBench.ServerManager.csproj", "{99D660C0-9274-4A90-8C62-E6D8DB13EA14}"
EndProject
Global
	GlobalSection(SolutionConfigurationPlatforms) = preSolution
		Debug|Any CPU = Debug|Any CPU
		Release|Any CPU = Release|Any CPU
	EndGlobalSection
	GlobalSection(SolutionProperties) = preSolution
		HideSolutionNode = FALSE
	EndGlobalSection
	GlobalSection(ProjectConfigurationPlatforms) = postSolution
		{F6C0A849-D3E3-45BA-BE46-B19B71B2F673}.Debug|Any CPU.ActiveCfg = Debug|Any CPU
		{F6C0A849-D3E3-45BA-BE46-B19B71B2F673}.Debug|Any CPU.Build.0 = Debug|Any CPU
		{F6C0A849-D3E3-45BA-BE46-B19B71B2F673}.Release|Any CPU.ActiveCfg = Release|Any CPU
		{F6C0A849-D3E3-45BA-BE46-B19B71B2F673}.Release|Any CPU.Build.0 = Release|Any CPU
		{3AAC1E40-23B2-4A86-9CC1-87A59C9D9CE3}.Debug|Any CPU.ActiveCfg = Debug|Any CPU
		{3AAC1E40-23B2-4A86-9CC1-87A59C9D9CE3}.Debug|Any CPU.Build.0 = Debug|Any CPU
		{3AAC1E40-23B2-4A86-9CC1-87A59C9D9CE3}.Release|Any CPU.ActiveCfg = Release|Any CPU
		{3AAC1E40-23B2-4A86-9CC1-87A59C9D9CE3}.Release|Any CPU.Build.0 = Release|Any CPU
		{7AD31CD1-2405-4FE0-AB4A-0763D8797E38}.Debug|Any CPU.ActiveCfg = Debug|Any CPU
		{7AD31CD1-2405-4FE0-AB4A-0763D8797E38}.Debug|Any CPU.Build.0 = Debug|Any CPU
		{7AD31CD1-2405-4FE0-AB4A-0763D8797E38}.Release|Any CPU.ActiveCfg = Release|Any CPU
		{7AD31CD1-2405-4FE0-AB4A-0763D8797E38}.Release|Any CPU.Build.0 = Release|Any CPU
		{74BE8AD7-08E1-4986-B533-3FD6364912DB}.Debug|Any CPU.ActiveCfg = Debug|Any CPU
		{74BE8AD7-08E1-4986-B533-3FD6364912DB}.Debug|Any CPU.Build.0 = Debug|Any CPU
		{74BE8AD7-08E1-4986-B533-3FD6364912DB}.Release|Any CPU.ActiveCfg = Release|Any CPU
		{74BE8AD7-08E1-4986-B533-3FD6364912DB}.Release|Any CPU.Build.0 = Release|Any CPU
		{F8BF69BD-E8FC-44DA-9C91-E202C147BC71}.Debug|Any CPU.ActiveCfg = Debug|Any CPU
		{F8BF69BD-E8FC-44DA-9C91-E202C147BC71}.Debug|Any CPU.Build.0 = Debug|Any CPU
		{F8BF69BD-E8FC-44DA-9C91-E202C147BC71}.Release|Any CPU.ActiveCfg = Release|Any CPU
		{F8BF69BD-E8FC-44DA-9C91-E202C147BC71}.Release|Any CPU.Build.0 = Release|Any CPU
		{99D660C0-9274-4A90-8C62-E6D8DB13EA14}.Debug|Any CPU.ActiveCfg = Debug|Any CPU
		{99D660C0-9274-4A90-8C62-E6D8DB13EA14}.Debug|Any CPU.Build.0 = Debug|Any CPU
		{99D660C0-9274-4A90-8C62-E6D8DB13EA14}.Release|Any CPU.ActiveCfg = Release|Any CPU
		{99D660C0-9274-4A90-8C62-E6D8DB13EA14}.Release|Any CPU.Build.0 = Release|Any CPU
	EndGlobalSection
EndGlobal
